// !$*UTF8*$!
{
	archiveVersion = 1;
	classes = {
	};
	objectVersion = 56;
	objects = {

/* Begin PBXBuildFile section */
		FC34A7912C6CFE87000C5123 /* ListPracticeApp.swift in Sources */ = {isa = PBXBuildFile; fileRef = FC34A7902C6CFE87000C5123 /* ListPracticeApp.swift */; };
		FC34A7932C6CFE87000C5123 /* ContentView.swift in Sources */ = {isa = PBXBuildFile; fileRef = FC34A7922C6CFE87000C5123 /* ContentView.swift */; };
		FC34A7952C6CFE88000C5123 /* Assets.xcassets in Resources */ = {isa = PBXBuildFile; fileRef = FC34A7942C6CFE88000C5123 /* Assets.xcassets */; };
		FC34A7982C6CFE88000C5123 /* Preview Assets.xcassets in Resources */ = {isa = PBXBuildFile; fileRef = FC34A7972C6CFE88000C5123 /* Preview Assets.xcassets */; };
		FC34A7A22C6CFFA4000C5123 /* SettingsView.swift in Sources */ = {isa = PBXBuildFile; fileRef = FC34A7A12C6CFFA4000C5123 /* SettingsView.swift */; };
		FC34A7A42C6D1A69000C5123 /* SettingsFormView.swift in Sources */ = {isa = PBXBuildFile; fileRef = FC34A7A32C6D1A69000C5123 /* SettingsFormView.swift */; };
		FC34A7A72C6D1CDB000C5123 /* Food.swift in Sources */ = {isa = PBXBuildFile; fileRef = FC34A7A62C6D1CDB000C5123 /* Food.swift */; };
		FC34A7AB2C6D2260000C5123 /* FoodListView.swift in Sources */ = {isa = PBXBuildFile; fileRef = FC34A7AA2C6D2260000C5123 /* FoodListView.swift */; };
		FC34A7AD2C6DB280000C5123 /* ComplexListView.swift in Sources */ = {isa = PBXBuildFile; fileRef = FC34A7AC2C6DB280000C5123 /* ComplexListView.swift */; };
		FC34A7AF2C6DB570000C5123 /* FoodCustomCellView.swift in Sources */ = {isa = PBXBuildFile; fileRef = FC34A7AE2C6DB570000C5123 /* FoodCustomCellView.swift */; };
		FC34A7B12C6E154B000C5123 /* FoodRow.swift in Sources */ = {isa = PBXBuildFile; fileRef = FC34A7B02C6E154B000C5123 /* FoodRow.swift */; };
		FC34A7B42C6E2C71000C5123 /* SectionFoodList.swift in Sources */ = {isa = PBXBuildFile; fileRef = FC34A7B32C6E2C71000C5123 /* SectionFoodList.swift */; };
		FC34A7B62C6E3084000C5123 /* FileItem.swift in Sources */ = {isa = PBXBuildFile; fileRef = FC34A7B52C6E3084000C5123 /* FileItem.swift */; };
		FC34A7B82C6E4A48000C5123 /* hierarchialListView.swift in Sources */ = {isa = PBXBuildFile; fileRef = FC34A7B72C6E4A48000C5123 /* hierarchialListView.swift */; };
		FC34A7BB2C6E6220000C5123 /* StylingView.swift in Sources */ = {isa = PBXBuildFile; fileRef = FC34A7BA2C6E6220000C5123 /* StylingView.swift */; };
		FC34A7BD2C6E64D3000C5123 /* EnviromentListView.swift in Sources */ = {isa = PBXBuildFile; fileRef = FC34A7BC2C6E64D3000C5123 /* EnviromentListView.swift */; };
		FC34A7C02C6E66D2000C5123 /* SingleSelectionListView.swift in Sources */ = {isa = PBXBuildFile; fileRef = FC34A7BF2C6E66D2000C5123 /* SingleSelectionListView.swift */; };
		FC34A7C22C6E66E1000C5123 /* MultipleSelectionListView.swift in Sources */ = {isa = PBXBuildFile; fileRef = FC34A7C12C6E66E1000C5123 /* MultipleSelectionListView.swift */; };
		FC34A7C42C6E7898000C5123 /* EditFavoriteFoodListView.swift in Sources */ = {isa = PBXBuildFile; fileRef = FC34A7C32C6E7898000C5123 /* EditFavoriteFoodListView.swift */; };
/* End PBXBuildFile section */

/* Begin PBXFileReference section */
		FC34A78D2C6CFE87000C5123 /* ListPractice.app */ = {isa = PBXFileReference; explicitFileType = wrapper.application; includeInIndex = 0; path = ListPractice.app; sourceTree = BUILT_PRODUCTS_DIR; };
		FC34A7902C6CFE87000C5123 /* ListPracticeApp.swift */ = {isa = PBXFileReference; lastKnownFileType = sourcecode.swift; path = ListPracticeApp.swift; sourceTree = "<group>"; };
		FC34A7922C6CFE87000C5123 /* ContentView.swift */ = {isa = PBXFileReference; lastKnownFileType = sourcecode.swift; path = ContentView.swift; sourceTree = "<group>"; };
		FC34A7942C6CFE88000C5123 /* Assets.xcassets */ = {isa = PBXFileReference; lastKnownFileType = folder.assetcatalog; path = Assets.xcassets; sourceTree = "<group>"; };
		FC34A7972C6CFE88000C5123 /* Preview Assets.xcassets */ = {isa = PBXFileReference; lastKnownFileType = folder.assetcatalog; path = "Preview Assets.xcassets"; sourceTree = "<group>"; };
		FC34A7A12C6CFFA4000C5123 /* SettingsView.swift */ = {isa = PBXFileReference; lastKnownFileType = sourcecode.swift; path = SettingsView.swift; sourceTree = "<group>"; };
		FC34A7A32C6D1A69000C5123 /* SettingsFormView.swift */ = {isa = PBXFileReference; lastKnownFileType = sourcecode.swift; path = SettingsFormView.swift; sourceTree = "<group>"; };
		FC34A7A62C6D1CDB000C5123 /* Food.swift */ = {isa = PBXFileReference; lastKnownFileType = sourcecode.swift; path = Food.swift; sourceTree = "<group>"; };
		FC34A7AA2C6D2260000C5123 /* FoodListView.swift */ = {isa = PBXFileReference; lastKnownFileType = sourcecode.swift; path = FoodListView.swift; sourceTree = "<group>"; };
		FC34A7AC2C6DB280000C5123 /* ComplexListView.swift */ = {isa = PBXFileReference; lastKnownFileType = sourcecode.swift; path = ComplexListView.swift; sourceTree = "<group>"; };
		FC34A7AE2C6DB570000C5123 /* FoodCustomCellView.swift */ = {isa = PBXFileReference; lastKnownFileType = sourcecode.swift; path = FoodCustomCellView.swift; sourceTree = "<group>"; };
		FC34A7B02C6E154B000C5123 /* FoodRow.swift */ = {isa = PBXFileReference; lastKnownFileType = sourcecode.swift; path = FoodRow.swift; sourceTree = "<group>"; };
		FC34A7B32C6E2C71000C5123 /* SectionFoodList.swift */ = {isa = PBXFileReference; lastKnownFileType = sourcecode.swift; path = SectionFoodList.swift; sourceTree = "<group>"; };
		FC34A7B52C6E3084000C5123 /* FileItem.swift */ = {isa = PBXFileReference; lastKnownFileType = sourcecode.swift; path = FileItem.swift; sourceTree = "<group>"; };
		FC34A7B72C6E4A48000C5123 /* hierarchialListView.swift */ = {isa = PBXFileReference; lastKnownFileType = sourcecode.swift; path = hierarchialListView.swift; sourceTree = "<group>"; };
		FC34A7BA2C6E6220000C5123 /* StylingView.swift */ = {isa = PBXFileReference; lastKnownFileType = sourcecode.swift; path = StylingView.swift; sourceTree = "<group>"; };
		FC34A7BC2C6E64D3000C5123 /* EnviromentListView.swift */ = {isa = PBXFileReference; lastKnownFileType = sourcecode.swift; path = EnviromentListView.swift; sourceTree = "<group>"; };
		FC34A7BF2C6E66D2000C5123 /* SingleSelectionListView.swift */ = {isa = PBXFileReference; lastKnownFileType = sourcecode.swift; path = SingleSelectionListView.swift; sourceTree = "<group>"; };
		FC34A7C12C6E66E1000C5123 /* MultipleSelectionListView.swift */ = {isa = PBXFileReference; lastKnownFileType = sourcecode.swift; path = MultipleSelectionListView.swift; sourceTree = "<group>"; };
		FC34A7C32C6E7898000C5123 /* EditFavoriteFoodListView.swift */ = {isa = PBXFileReference; lastKnownFileType = sourcecode.swift; path = EditFavoriteFoodListView.swift; sourceTree = "<group>"; };
/* End PBXFileReference section */

/* Begin PBXFrameworksBuildPhase section */
		FC34A78A2C6CFE87000C5123 /* Frameworks */ = {
			isa = PBXFrameworksBuildPhase;
			buildActionMask = 2147483647;
			files = (
			);
			runOnlyForDeploymentPostprocessing = 0;
		};
/* End PBXFrameworksBuildPhase section */

/* Begin PBXGroup section */
		FC34A7842C6CFE87000C5123 = {
			isa = PBXGroup;
			children = (
				FC34A78F2C6CFE87000C5123 /* ListPractice */,
				FC34A78E2C6CFE87000C5123 /* Products */,
			);
			sourceTree = "<group>";
		};
		FC34A78E2C6CFE87000C5123 /* Products */ = {
			isa = PBXGroup;
			children = (
				FC34A78D2C6CFE87000C5123 /* ListPractice.app */,
			);
			name = Products;
			sourceTree = "<group>";
		};
		FC34A78F2C6CFE87000C5123 /* ListPractice */ = {
			isa = PBXGroup;
			children = (
				FC34A7A02C6CFF62000C5123 /* Static List */,
				FC34A7902C6CFE87000C5123 /* ListPracticeApp.swift */,
				FC34A7922C6CFE87000C5123 /* ContentView.swift */,
				FC34A7942C6CFE88000C5123 /* Assets.xcassets */,
				FC34A7A92C6D2239000C5123 /* Dynamic List */,
				FC34A7BE2C6E66A2000C5123 /* userInteraction */,
				FC34A7B92C6E61DE000C5123 /* styling */,
				FC34A7B22C6E2C57000C5123 /* organized list */,
				FC34A7A52C6D1CB8000C5123 /* Data */,
				FC34A7962C6CFE88000C5123 /* Preview Content */,
			);
			path = ListPractice;
			sourceTree = "<group>";
		};
		FC34A7962C6CFE88000C5123 /* Preview Content */ = {
			isa = PBXGroup;
			children = (
				FC34A7972C6CFE88000C5123 /* Preview Assets.xcassets */,
			);
			path = "Preview Content";
			sourceTree = "<group>";
		};
		FC34A7A02C6CFF62000C5123 /* Static List */ = {
			isa = PBXGroup;
			children = (
				FC34A7A12C6CFFA4000C5123 /* SettingsView.swift */,
				FC34A7A32C6D1A69000C5123 /* SettingsFormView.swift */,
			);
			path = "Static List";
			sourceTree = "<group>";
		};
		FC34A7A52C6D1CB8000C5123 /* Data */ = {
			isa = PBXGroup;
			children = (
				FC34A7A62C6D1CDB000C5123 /* Food.swift */,
				FC34A7B52C6E3084000C5123 /* FileItem.swift */,
				FC34A7B72C6E4A48000C5123 /* hierarchialListView.swift */,
			);
			path = Data;
			sourceTree = "<group>";
		};
		FC34A7A92C6D2239000C5123 /* Dynamic List */ = {
			isa = PBXGroup;
			children = (
				FC34A7AA2C6D2260000C5123 /* FoodListView.swift */,
				FC34A7AC2C6DB280000C5123 /* ComplexListView.swift */,
				FC34A7AE2C6DB570000C5123 /* FoodCustomCellView.swift */,
				FC34A7B02C6E154B000C5123 /* FoodRow.swift */,
			);
			path = "Dynamic List";
			sourceTree = "<group>";
		};
		FC34A7B22C6E2C57000C5123 /* organized list */ = {
			isa = PBXGroup;
			children = (
				FC34A7B32C6E2C71000C5123 /* SectionFoodList.swift */,
			);
			path = "organized list";
			sourceTree = "<group>";
		};
		FC34A7B92C6E61DE000C5123 /* styling */ = {
			isa = PBXGroup;
			children = (
				FC34A7BA2C6E6220000C5123 /* StylingView.swift */,
				FC34A7BC2C6E64D3000C5123 /* EnviromentListView.swift */,
			);
			path = styling;
			sourceTree = "<group>";
		};
		FC34A7BE2C6E66A2000C5123 /* userInteraction */ = {
			isa = PBXGroup;
			children = (
				FC34A7BF2C6E66D2000C5123 /* SingleSelectionListView.swift */,
				FC34A7C12C6E66E1000C5123 /* MultipleSelectionListView.swift */,
				FC34A7C32C6E7898000C5123 /* EditFavoriteFoodListView.swift */,
			);
			path = userInteraction;
			sourceTree = "<group>";
		};
/* End PBXGroup section */

/* Begin PBXNativeTarget section */
		FC34A78C2C6CFE87000C5123 /* ListPractice */ = {
			isa = PBXNativeTarget;
			buildConfigurationList = FC34A79B2C6CFE88000C5123 /* Build configuration list for PBXNativeTarget "ListPractice" */;
			buildPhases = (
				FC34A7892C6CFE87000C5123 /* Sources */,
				FC34A78A2C6CFE87000C5123 /* Frameworks */,
				FC34A78B2C6CFE87000C5123 /* Resources */,
			);
			buildRules = (
			);
			dependencies = (
			);
			name = ListPractice;
			productName = ListPractice;
			productReference = FC34A78D2C6CFE87000C5123 /* ListPractice.app */;
			productType = "com.apple.product-type.application";
		};
/* End PBXNativeTarget section */

/* Begin PBXProject section */
		FC34A7852C6CFE87000C5123 /* Project object */ = {
			isa = PBXProject;
			attributes = {
				BuildIndependentTargetsInParallel = 1;
				LastSwiftUpdateCheck = 1540;
				LastUpgradeCheck = 1540;
				TargetAttributes = {
					FC34A78C2C6CFE87000C5123 = {
						CreatedOnToolsVersion = 15.4;
					};
				};
			};
			buildConfigurationList = FC34A7882C6CFE87000C5123 /* Build configuration list for PBXProject "ListPractice" */;
			compatibilityVersion = "Xcode 14.0";
			developmentRegion = en;
			hasScannedForEncodings = 0;
			knownRegions = (
				en,
				Base,
			);
			mainGroup = FC34A7842C6CFE87000C5123;
			productRefGroup = FC34A78E2C6CFE87000C5123 /* Products */;
			projectDirPath = "";
			projectRoot = "";
			targets = (
				FC34A78C2C6CFE87000C5123 /* ListPractice */,
			);
		};
/* End PBXProject section */

/* Begin PBXResourcesBuildPhase section */
		FC34A78B2C6CFE87000C5123 /* Resources */ = {
			isa = PBXResourcesBuildPhase;
			buildActionMask = 2147483647;
			files = (
				FC34A7982C6CFE88000C5123 /* Preview Assets.xcassets in Resources */,
				FC34A7952C6CFE88000C5123 /* Assets.xcassets in Resources */,
			);
			runOnlyForDeploymentPostprocessing = 0;
		};
/* End PBXResourcesBuildPhase section */

/* Begin PBXSourcesBuildPhase section */
		FC34A7892C6CFE87000C5123 /* Sources */ = {
			isa = PBXSourcesBuildPhase;
			buildActionMask = 2147483647;
			files = (
				FC34A7AB2C6D2260000C5123 /* FoodListView.swift in Sources */,
				FC34A7B62C6E3084000C5123 /* FileItem.swift in Sources */,
				FC34A7AF2C6DB570000C5123 /* FoodCustomCellView.swift in Sources */,
				FC34A7C22C6E66E1000C5123 /* MultipleSelectionListView.swift in Sources */,
				FC34A7A22C6CFFA4000C5123 /* SettingsView.swift in Sources */,
				FC34A7C02C6E66D2000C5123 /* SingleSelectionListView.swift in Sources */,
				FC34A7AD2C6DB280000C5123 /* ComplexListView.swift in Sources */,
				FC34A7C42C6E7898000C5123 /* EditFavoriteFoodListView.swift in Sources */,
				FC34A7A42C6D1A69000C5123 /* SettingsFormView.swift in Sources */,
				FC34A7A72C6D1CDB000C5123 /* Food.swift in Sources */,
				FC34A7932C6CFE87000C5123 /* ContentView.swift in Sources */,
				FC34A7B42C6E2C71000C5123 /* SectionFoodList.swift in Sources */,
				FC34A7BD2C6E64D3000C5123 /* EnviromentListView.swift in Sources */,
				FC34A7B12C6E154B000C5123 /* FoodRow.swift in Sources */,
				FC34A7912C6CFE87000C5123 /* ListPracticeApp.swift in Sources */,
				FC34A7B82C6E4A48000C5123 /* hierarchialListView.swift in Sources */,
				FC34A7BB2C6E6220000C5123 /* StylingView.swift in Sources */,
			);
			runOnlyForDeploymentPostprocessing = 0;
		};
/* End PBXSourcesBuildPhase section */

/* Begin XCBuildConfiguration section */
		FC34A7992C6CFE88000C5123 /* Debug */ = {
			isa = XCBuildConfiguration;
			buildSettings = {
				ALWAYS_SEARCH_USER_PATHS = NO;
				ASSETCATALOG_COMPILER_GENERATE_SWIFT_ASSET_SYMBOL_EXTENSIONS = YES;
				CLANG_ANALYZER_NONNULL = YES;
				CLANG_ANALYZER_NUMBER_OBJECT_CONVERSION = YES_AGGRESSIVE;
				CLANG_CXX_LANGUAGE_STANDARD = "gnu++20";
				CLANG_ENABLE_MODULES = YES;
				CLANG_ENABLE_OBJC_ARC = YES;
				CLANG_ENABLE_OBJC_WEAK = YES;
				CLANG_WARN_BLOCK_CAPTURE_AUTORELEASING = YES;
				CLANG_WARN_BOOL_CONVERSION = YES;
				CLANG_WARN_COMMA = YES;
				CLANG_WARN_CONSTANT_CONVERSION = YES;
				CLANG_WARN_DEPRECATED_OBJC_IMPLEMENTATIONS = YES;
				CLANG_WARN_DIRECT_OBJC_ISA_USAGE = YES_ERROR;
				CLANG_WARN_DOCUMENTATION_COMMENTS = YES;
				CLANG_WARN_EMPTY_BODY = YES;
				CLANG_WARN_ENUM_CONVERSION = YES;
				CLANG_WARN_INFINITE_RECURSION = YES;
				CLANG_WARN_INT_CONVERSION = YES;
				CLANG_WARN_NON_LITERAL_NULL_CONVERSION = YES;
				CLANG_WARN_OBJC_IMPLICIT_RETAIN_SELF = YES;
				CLANG_WARN_OBJC_LITERAL_CONVERSION = YES;
				CLANG_WARN_OBJC_ROOT_CLASS = YES_ERROR;
				CLANG_WARN_QUOTED_INCLUDE_IN_FRAMEWORK_HEADER = YES;
				CLANG_WARN_RANGE_LOOP_ANALYSIS = YES;
				CLANG_WARN_STRICT_PROTOTYPES = YES;
				CLANG_WARN_SUSPICIOUS_MOVE = YES;
				CLANG_WARN_UNGUARDED_AVAILABILITY = YES_AGGRESSIVE;
				CLANG_WARN_UNREACHABLE_CODE = YES;
				CLANG_WARN__DUPLICATE_METHOD_MATCH = YES;
				COPY_PHASE_STRIP = NO;
				DEBUG_INFORMATION_FORMAT = dwarf;
				ENABLE_STRICT_OBJC_MSGSEND = YES;
				ENABLE_TESTABILITY = YES;
				ENABLE_USER_SCRIPT_SANDBOXING = YES;
				GCC_C_LANGUAGE_STANDARD = gnu17;
				GCC_DYNAMIC_NO_PIC = NO;
				GCC_NO_COMMON_BLOCKS = YES;
				GCC_OPTIMIZATION_LEVEL = 0;
				GCC_PREPROCESSOR_DEFINITIONS = (
					"DEBUG=1",
					"$(inherited)",
				);
				GCC_WARN_64_TO_32_BIT_CONVERSION = YES;
				GCC_WARN_ABOUT_RETURN_TYPE = YES_ERROR;
				GCC_WARN_UNDECLARED_SELECTOR = YES;
				GCC_WARN_UNINITIALIZED_AUTOS = YES_AGGRESSIVE;
				GCC_WARN_UNUSED_FUNCTION = YES;
				GCC_WARN_UNUSED_VARIABLE = YES;
				IPHONEOS_DEPLOYMENT_TARGET = 17.5;
				LOCALIZATION_PREFERS_STRING_CATALOGS = YES;
				MTL_ENABLE_DEBUG_INFO = INCLUDE_SOURCE;
				MTL_FAST_MATH = YES;
				ONLY_ACTIVE_ARCH = YES;
				SDKROOT = iphoneos;
				SWIFT_ACTIVE_COMPILATION_CONDITIONS = "DEBUG $(inherited)";
				SWIFT_OPTIMIZATION_LEVEL = "-Onone";
			};
			name = Debug;
		};
		FC34A79A2C6CFE88000C5123 /* Release */ = {
			isa = XCBuildConfiguration;
			buildSettings = {
				ALWAYS_SEARCH_USER_PATHS = NO;
				ASSETCATALOG_COMPILER_GENERATE_SWIFT_ASSET_SYMBOL_EXTENSIONS = YES;
				CLANG_ANALYZER_NONNULL = YES;
				CLANG_ANALYZER_NUMBER_OBJECT_CONVERSION = YES_AGGRESSIVE;
				CLANG_CXX_LANGUAGE_STANDARD = "gnu++20";
				CLANG_ENABLE_MODULES = YES;
				CLANG_ENABLE_OBJC_ARC = YES;
				CLANG_ENABLE_OBJC_WEAK = YES;
				CLANG_WARN_BLOCK_CAPTURE_AUTORELEASING = YES;
				CLANG_WARN_BOOL_CONVERSION = YES;
				CLANG_WARN_COMMA = YES;
				CLANG_WARN_CONSTANT_CONVERSION = YES;
				CLANG_WARN_DEPRECATED_OBJC_IMPLEMENTATIONS = YES;
				CLANG_WARN_DIRECT_OBJC_ISA_USAGE = YES_ERROR;
				CLANG_WARN_DOCUMENTATION_COMMENTS = YES;
				CLANG_WARN_EMPTY_BODY = YES;
				CLANG_WARN_ENUM_CONVERSION = YES;
				CLANG_WARN_INFINITE_RECURSION = YES;
				CLANG_WARN_INT_CONVERSION = YES;
				CLANG_WARN_NON_LITERAL_NULL_CONVERSION = YES;
				CLANG_WARN_OBJC_IMPLICIT_RETAIN_SELF = YES;
				CLANG_WARN_OBJC_LITERAL_CONVERSION = YES;
				CLANG_WARN_OBJC_ROOT_CLASS = YES_ERROR;
				CLANG_WARN_QUOTED_INCLUDE_IN_FRAMEWORK_HEADER = YES;
				CLANG_WARN_RANGE_LOOP_ANALYSIS = YES;
				CLANG_WARN_STRICT_PROTOTYPES = YES;
				CLANG_WARN_SUSPICIOUS_MOVE = YES;
				CLANG_WARN_UNGUARDED_AVAILABILITY = YES_AGGRESSIVE;
				CLANG_WARN_UNREACHABLE_CODE = YES;
				CLANG_WARN__DUPLICATE_METHOD_MATCH = YES;
				COPY_PHASE_STRIP = NO;
				DEBUG_INFORMATION_FORMAT = "dwarf-with-dsym";
				ENABLE_NS_ASSERTIONS = NO;
				ENABLE_STRICT_OBJC_MSGSEND = YES;
				ENABLE_USER_SCRIPT_SANDBOXING = YES;
				GCC_C_LANGUAGE_STANDARD = gnu17;
				GCC_NO_COMMON_BLOCKS = YES;
				GCC_WARN_64_TO_32_BIT_CONVERSION = YES;
				GCC_WARN_ABOUT_RETURN_TYPE = YES_ERROR;
				GCC_WARN_UNDECLARED_SELECTOR = YES;
				GCC_WARN_UNINITIALIZED_AUTOS = YES_AGGRESSIVE;
				GCC_WARN_UNUSED_FUNCTION = YES;
				GCC_WARN_UNUSED_VARIABLE = YES;
				IPHONEOS_DEPLOYMENT_TARGET = 17.5;
				LOCALIZATION_PREFERS_STRING_CATALOGS = YES;
				MTL_ENABLE_DEBUG_INFO = NO;
				MTL_FAST_MATH = YES;
				SDKROOT = iphoneos;
				SWIFT_COMPILATION_MODE = wholemodule;
				VALIDATE_PRODUCT = YES;
			};
			name = Release;
		};
		FC34A79C2C6CFE88000C5123 /* Debug */ = {
			isa = XCBuildConfiguration;
			buildSettings = {
				ASSETCATALOG_COMPILER_APPICON_NAME = AppIcon;
				ASSETCATALOG_COMPILER_GLOBAL_ACCENT_COLOR_NAME = AccentColor;
				CODE_SIGN_STYLE = Automatic;
				CURRENT_PROJECT_VERSION = 1;
				DEVELOPMENT_ASSET_PATHS = "\"ListPractice/Preview Content\"";
				ENABLE_PREVIEWS = YES;
				GENERATE_INFOPLIST_FILE = YES;
				INFOPLIST_KEY_UIApplicationSceneManifest_Generation = YES;
				INFOPLIST_KEY_UIApplicationSupportsIndirectInputEvents = YES;
				INFOPLIST_KEY_UILaunchScreen_Generation = YES;
				INFOPLIST_KEY_UISupportedInterfaceOrientations_iPad = "UIInterfaceOrientationPortrait UIInterfaceOrientationPortraitUpsideDown UIInterfaceOrientationLandscapeLeft UIInterfaceOrientationLandscapeRight";
				INFOPLIST_KEY_UISupportedInterfaceOrientations_iPhone = "UIInterfaceOrientationPortrait UIInterfaceOrientationLandscapeLeft UIInterfaceOrientationLandscapeRight";
				LD_RUNPATH_SEARCH_PATHS = (
					"$(inherited)",
					"@executable_path/Frameworks",
				);
				MARKETING_VERSION = 1.0;
				PRODUCT_BUNDLE_IDENTIFIER = co.candindar.ListPractice;
				PRODUCT_NAME = "$(TARGET_NAME)";
				SWIFT_EMIT_LOC_STRINGS = YES;
				SWIFT_VERSION = 5.0;
				TARGETED_DEVICE_FAMILY = "1,2";
			};
			name = Debug;
		};
		FC34A79D2C6CFE88000C5123 /* Release */ = {
			isa = XCBuildConfiguration;
			buildSettings = {
				ASSETCATALOG_COMPILER_APPICON_NAME = AppIcon;
				ASSETCATALOG_COMPILER_GLOBAL_ACCENT_COLOR_NAME = AccentColor;
				CODE_SIGN_STYLE = Automatic;
				CURRENT_PROJECT_VERSION = 1;
				DEVELOPMENT_ASSET_PATHS = "\"ListPractice/Preview Content\"";
				ENABLE_PREVIEWS = YES;
				GENERATE_INFOPLIST_FILE = YES;
				INFOPLIST_KEY_UIApplicationSceneManifest_Generation = YES;
				INFOPLIST_KEY_UIApplicationSupportsIndirectInputEvents = YES;
				INFOPLIST_KEY_UILaunchScreen_Generation = YES;
				INFOPLIST_KEY_UISupportedInterfaceOrientations_iPad = "UIInterfaceOrientationPortrait UIInterfaceOrientationPortraitUpsideDown UIInterfaceOrientationLandscapeLeft UIInterfaceOrientationLandscapeRight";
				INFOPLIST_KEY_UISupportedInterfaceOrientations_iPhone = "UIInterfaceOrientationPortrait UIInterfaceOrientationLandscapeLeft UIInterfaceOrientationLandscapeRight";
				LD_RUNPATH_SEARCH_PATHS = (
					"$(inherited)",
					"@executable_path/Frameworks",
				);
				MARKETING_VERSION = 1.0;
				PRODUCT_BUNDLE_IDENTIFIER = co.candindar.ListPractice;
				PRODUCT_NAME = "$(TARGET_NAME)";
				SWIFT_EMIT_LOC_STRINGS = YES;
				SWIFT_VERSION = 5.0;
				TARGETED_DEVICE_FAMILY = "1,2";
			};
			name = Release;
		};
/* End XCBuildConfiguration section */

/* Begin XCConfigurationList section */
		FC34A7882C6CFE87000C5123 /* Build configuration list for PBXProject "ListPractice" */ = {
			isa = XCConfigurationList;
			buildConfigurations = (
				FC34A7992C6CFE88000C5123 /* Debug */,
				FC34A79A2C6CFE88000C5123 /* Release */,
			);
			defaultConfigurationIsVisible = 0;
			defaultConfigurationName = Release;
		};
		FC34A79B2C6CFE88000C5123 /* Build configuration list for PBXNativeTarget "ListPractice" */ = {
			isa = XCConfigurationList;
			buildConfigurations = (
				FC34A79C2C6CFE88000C5123 /* Debug */,
				FC34A79D2C6CFE88000C5123 /* Release */,
			);
			defaultConfigurationIsVisible = 0;
			defaultConfigurationName = Release;
		};
/* End XCConfigurationList section */
	};
	rootObject = FC34A7852C6CFE87000C5123 /* Project object */;
}
